// !$*UTF8*$!
{
	archiveVersion = 1;
	classes = {
	};
	objectVersion = 51;
	objects = {

/* Begin PBXBuildFile section */
		865D53A627F2F92000CE2258 /* mainView.swift in Sources */ = {isa = PBXBuildFile; fileRef = 865D53A527F2F92000CE2258 /* mainView.swift */; };
		865D53A827F2FE4100CE2258 /* communityView.swift in Sources */ = {isa = PBXBuildFile; fileRef = 865D53A727F2FE4100CE2258 /* communityView.swift */; };
		865D53AA27F2FE4A00CE2258 /* mypageView.swift in Sources */ = {isa = PBXBuildFile; fileRef = 865D53A927F2FE4A00CE2258 /* mypageView.swift */; };
		865D53AC27F2FE5300CE2258 /* settingView.swift in Sources */ = {isa = PBXBuildFile; fileRef = 865D53AB27F2FE5300CE2258 /* settingView.swift */; };
		865D53B027F2FEFC00CE2258 /* testView.swift in Sources */ = {isa = PBXBuildFile; fileRef = 865D53AF27F2FEFC00CE2258 /* testView.swift */; };
		865D53B227F46E4700CE2258 /* doJSON.swift in Sources */ = {isa = PBXBuildFile; fileRef = 865D53B127F46E4700CE2258 /* doJSON.swift */; };
		865D53B427F473C700CE2258 /* categoriesView.swift in Sources */ = {isa = PBXBuildFile; fileRef = 865D53B327F473C700CE2258 /* categoriesView.swift */; };
		869F06E227D77F3D0034001A /* AppDelegate.swift in Sources */ = {isa = PBXBuildFile; fileRef = 869F06E127D77F3D0034001A /* AppDelegate.swift */; };
		869F06E427D77F3D0034001A /* SceneDelegate.swift in Sources */ = {isa = PBXBuildFile; fileRef = 869F06E327D77F3D0034001A /* SceneDelegate.swift */; };
		869F06E627D77F3D0034001A /* ContentView.swift in Sources */ = {isa = PBXBuildFile; fileRef = 869F06E527D77F3D0034001A /* ContentView.swift */; };
		869F06E927D77F3D0034001A /* AjouSelves_iOS_App.xcdatamodeld in Sources */ = {isa = PBXBuildFile; fileRef = 869F06E727D77F3D0034001A /* AjouSelves_iOS_App.xcdatamodeld */; };
		869F06EB27D77F3F0034001A /* Assets.xcassets in Resources */ = {isa = PBXBuildFile; fileRef = 869F06EA27D77F3F0034001A /* Assets.xcassets */; };
		869F06EE27D77F3F0034001A /* Preview Assets.xcassets in Resources */ = {isa = PBXBuildFile; fileRef = 869F06ED27D77F3F0034001A /* Preview Assets.xcassets */; };
		869F06F127D77F3F0034001A /* LaunchScreen.storyboard in Resources */ = {isa = PBXBuildFile; fileRef = 869F06EF27D77F3F0034001A /* LaunchScreen.storyboard */; };
		D74ECF0DF7170350588BA8B7 /* Pods_AjouSelves_iOS_App.framework in Frameworks */ = {isa = PBXBuildFile; fileRef = 98107793F60A7248833C1CB2 /* Pods_AjouSelves_iOS_App.framework */; };
/* End PBXBuildFile section */

/* Begin PBXFileReference section */
		0D4F171ABA6C8BA0FB145BE4 /* Pods-AjouSelves_iOS_App.release.xcconfig */ = {isa = PBXFileReference; includeInIndex = 1; lastKnownFileType = text.xcconfig; name = "Pods-AjouSelves_iOS_App.release.xcconfig"; path = "Target Support Files/Pods-AjouSelves_iOS_App/Pods-AjouSelves_iOS_App.release.xcconfig"; sourceTree = "<group>"; };
		36D59578DC964375D1E37FFB /* Pods-AjouSelves_iOS_App.debug.xcconfig */ = {isa = PBXFileReference; includeInIndex = 1; lastKnownFileType = text.xcconfig; name = "Pods-AjouSelves_iOS_App.debug.xcconfig"; path = "Target Support Files/Pods-AjouSelves_iOS_App/Pods-AjouSelves_iOS_App.debug.xcconfig"; sourceTree = "<group>"; };
		865D53A527F2F92000CE2258 /* mainView.swift */ = {isa = PBXFileReference; lastKnownFileType = sourcecode.swift; path = mainView.swift; sourceTree = "<group>"; };
		865D53A727F2FE4100CE2258 /* communityView.swift */ = {isa = PBXFileReference; lastKnownFileType = sourcecode.swift; path = communityView.swift; sourceTree = "<group>"; };
		865D53A927F2FE4A00CE2258 /* mypageView.swift */ = {isa = PBXFileReference; lastKnownFileType = sourcecode.swift; path = mypageView.swift; sourceTree = "<group>"; };
		865D53AB27F2FE5300CE2258 /* settingView.swift */ = {isa = PBXFileReference; lastKnownFileType = sourcecode.swift; path = settingView.swift; sourceTree = "<group>"; };
		865D53AF27F2FEFC00CE2258 /* testView.swift */ = {isa = PBXFileReference; lastKnownFileType = sourcecode.swift; path = testView.swift; sourceTree = "<group>"; };
		865D53B127F46E4700CE2258 /* doJSON.swift */ = {isa = PBXFileReference; lastKnownFileType = sourcecode.swift; path = doJSON.swift; sourceTree = "<group>"; };
		865D53B327F473C700CE2258 /* categoriesView.swift */ = {isa = PBXFileReference; lastKnownFileType = sourcecode.swift; path = categoriesView.swift; sourceTree = "<group>"; };
		869F06DE27D77F3D0034001A /* AjouSelves_iOS_App.app */ = {isa = PBXFileReference; explicitFileType = wrapper.application; includeInIndex = 0; path = AjouSelves_iOS_App.app; sourceTree = BUILT_PRODUCTS_DIR; };
		869F06E127D77F3D0034001A /* AppDelegate.swift */ = {isa = PBXFileReference; lastKnownFileType = sourcecode.swift; path = AppDelegate.swift; sourceTree = "<group>"; };
		869F06E327D77F3D0034001A /* SceneDelegate.swift */ = {isa = PBXFileReference; lastKnownFileType = sourcecode.swift; path = SceneDelegate.swift; sourceTree = "<group>"; };
		869F06E527D77F3D0034001A /* ContentView.swift */ = {isa = PBXFileReference; lastKnownFileType = sourcecode.swift; path = ContentView.swift; sourceTree = "<group>"; };
		869F06E827D77F3D0034001A /* AjouSelves_iOS_App.xcdatamodel */ = {isa = PBXFileReference; lastKnownFileType = wrapper.xcdatamodel; path = AjouSelves_iOS_App.xcdatamodel; sourceTree = "<group>"; };
		869F06EA27D77F3F0034001A /* Assets.xcassets */ = {isa = PBXFileReference; lastKnownFileType = folder.assetcatalog; path = Assets.xcassets; sourceTree = "<group>"; };
		869F06ED27D77F3F0034001A /* Preview Assets.xcassets */ = {isa = PBXFileReference; lastKnownFileType = folder.assetcatalog; path = "Preview Assets.xcassets"; sourceTree = "<group>"; };
		869F06F027D77F3F0034001A /* Base */ = {isa = PBXFileReference; lastKnownFileType = file.storyboard; name = Base; path = Base.lproj/LaunchScreen.storyboard; sourceTree = "<group>"; };
		869F06F227D77F3F0034001A /* Info.plist */ = {isa = PBXFileReference; lastKnownFileType = text.plist.xml; path = Info.plist; sourceTree = "<group>"; };
		98107793F60A7248833C1CB2 /* Pods_AjouSelves_iOS_App.framework */ = {isa = PBXFileReference; explicitFileType = wrapper.framework; includeInIndex = 0; path = Pods_AjouSelves_iOS_App.framework; sourceTree = BUILT_PRODUCTS_DIR; };
/* End PBXFileReference section */

/* Begin PBXFrameworksBuildPhase section */
		869F06DB27D77F3D0034001A /* Frameworks */ = {
			isa = PBXFrameworksBuildPhase;
			buildActionMask = 2147483647;
			files = (
				D74ECF0DF7170350588BA8B7 /* Pods_AjouSelves_iOS_App.framework in Frameworks */,
			);
			runOnlyForDeploymentPostprocessing = 0;
		};
/* End PBXFrameworksBuildPhase section */

/* Begin PBXGroup section */
		2E52CD3148F79C81CD0E465F /* Frameworks */ = {
			isa = PBXGroup;
			children = (
				98107793F60A7248833C1CB2 /* Pods_AjouSelves_iOS_App.framework */,
			);
			name = Frameworks;
			sourceTree = "<group>";
		};
		865D53A227F1F3E300CE2258 /* Model */ = {
			isa = PBXGroup;
			children = (
				869F06E327D77F3D0034001A /* SceneDelegate.swift */,
				869F06E127D77F3D0034001A /* AppDelegate.swift */,
				865D53B127F46E4700CE2258 /* doJSON.swift */,
			);
			path = Model;
			sourceTree = "<group>";
		};
		865D53A327F1F3EB00CE2258 /* ViewModel */ = {
			isa = PBXGroup;
			children = (
			);
			path = ViewModel;
			sourceTree = "<group>";
		};
		865D53A427F1F3F100CE2258 /* View */ = {
			isa = PBXGroup;
			children = (
				869F06E527D77F3D0034001A /* ContentView.swift */,
				865D53AF27F2FEFC00CE2258 /* testView.swift */,
				865D53A527F2F92000CE2258 /* mainView.swift */,
				865D53A727F2FE4100CE2258 /* communityView.swift */,
				865D53A927F2FE4A00CE2258 /* mypageView.swift */,
				865D53AB27F2FE5300CE2258 /* settingView.swift */,
				865D53B327F473C700CE2258 /* categoriesView.swift */,
			);
			path = View;
			sourceTree = "<group>";
		};
		869F06D527D77F3D0034001A = {
			isa = PBXGroup;
			children = (
				869F06E027D77F3D0034001A /* AjouSelves_iOS_App */,
				869F06DF27D77F3D0034001A /* Products */,
				AB37050CC8C2A4E50C0C08DD /* Pods */,
				2E52CD3148F79C81CD0E465F /* Frameworks */,
			);
			sourceTree = "<group>";
		};
		869F06DF27D77F3D0034001A /* Products */ = {
			isa = PBXGroup;
			children = (
				869F06DE27D77F3D0034001A /* AjouSelves_iOS_App.app */,
			);
			name = Products;
			sourceTree = "<group>";
		};
		869F06E027D77F3D0034001A /* AjouSelves_iOS_App */ = {
			isa = PBXGroup;
			children = (
				865D53A427F1F3F100CE2258 /* View */,
				865D53A327F1F3EB00CE2258 /* ViewModel */,
				865D53A227F1F3E300CE2258 /* Model */,
				869F06EA27D77F3F0034001A /* Assets.xcassets */,
				869F06EF27D77F3F0034001A /* LaunchScreen.storyboard */,
				869F06F227D77F3F0034001A /* Info.plist */,
				869F06E727D77F3D0034001A /* AjouSelves_iOS_App.xcdatamodeld */,
				869F06EC27D77F3F0034001A /* Preview Content */,
			);
			path = AjouSelves_iOS_App;
			sourceTree = "<group>";
		};
		869F06EC27D77F3F0034001A /* Preview Content */ = {
			isa = PBXGroup;
			children = (
				869F06ED27D77F3F0034001A /* Preview Assets.xcassets */,
			);
			path = "Preview Content";
			sourceTree = "<group>";
		};
		AB37050CC8C2A4E50C0C08DD /* Pods */ = {
			isa = PBXGroup;
			children = (
				36D59578DC964375D1E37FFB /* Pods-AjouSelves_iOS_App.debug.xcconfig */,
				0D4F171ABA6C8BA0FB145BE4 /* Pods-AjouSelves_iOS_App.release.xcconfig */,
			);
			path = Pods;
			sourceTree = "<group>";
		};
/* End PBXGroup section */

/* Begin PBXNativeTarget section */
		869F06DD27D77F3D0034001A /* AjouSelves_iOS_App */ = {
			isa = PBXNativeTarget;
			buildConfigurationList = 869F06F527D77F3F0034001A /* Build configuration list for PBXNativeTarget "AjouSelves_iOS_App" */;
			buildPhases = (
				20BABFB38C1BEF58CB0EEEA6 /* [CP] Check Pods Manifest.lock */,
				869F06DA27D77F3D0034001A /* Sources */,
				869F06DB27D77F3D0034001A /* Frameworks */,
				869F06DC27D77F3D0034001A /* Resources */,
				37EC846F13EC69638E47F824 /* [CP] Embed Pods Frameworks */,
			);
			buildRules = (
			);
			dependencies = (
			);
			name = AjouSelves_iOS_App;
			productName = AjouSelves_iOS_App;
			productReference = 869F06DE27D77F3D0034001A /* AjouSelves_iOS_App.app */;
			productType = "com.apple.product-type.application";
		};
/* End PBXNativeTarget section */

/* Begin PBXProject section */
		869F06D627D77F3D0034001A /* Project object */ = {
			isa = PBXProject;
			attributes = {
				LastSwiftUpdateCheck = 1250;
				LastUpgradeCheck = 1250;
				TargetAttributes = {
					869F06DD27D77F3D0034001A = {
						CreatedOnToolsVersion = 12.5;
					};
				};
			};
			buildConfigurationList = 869F06D927D77F3D0034001A /* Build configuration list for PBXProject "AjouSelves_iOS_App" */;
			compatibilityVersion = "Xcode 9.3";
			developmentRegion = en;
			hasScannedForEncodings = 0;
			knownRegions = (
				en,
				Base,
			);
			mainGroup = 869F06D527D77F3D0034001A;
			productRefGroup = 869F06DF27D77F3D0034001A /* Products */;
			projectDirPath = "";
			projectRoot = "";
			targets = (
				869F06DD27D77F3D0034001A /* AjouSelves_iOS_App */,
			);
		};
/* End PBXProject section */

/* Begin PBXResourcesBuildPhase section */
		869F06DC27D77F3D0034001A /* Resources */ = {
			isa = PBXResourcesBuildPhase;
			buildActionMask = 2147483647;
			files = (
				869F06F127D77F3F0034001A /* LaunchScreen.storyboard in Resources */,
				869F06EE27D77F3F0034001A /* Preview Assets.xcassets in Resources */,
				869F06EB27D77F3F0034001A /* Assets.xcassets in Resources */,
			);
			runOnlyForDeploymentPostprocessing = 0;
		};
/* End PBXResourcesBuildPhase section */

/* Begin PBXShellScriptBuildPhase section */
		20BABFB38C1BEF58CB0EEEA6 /* [CP] Check Pods Manifest.lock */ = {
			isa = PBXShellScriptBuildPhase;
			buildActionMask = 2147483647;
			files = (
			);
			inputFileListPaths = (
			);
			inputPaths = (
				"${PODS_PODFILE_DIR_PATH}/Podfile.lock",
				"${PODS_ROOT}/Manifest.lock",
			);
			name = "[CP] Check Pods Manifest.lock";
			outputFileListPaths = (
			);
			outputPaths = (
				"$(DERIVED_FILE_DIR)/Pods-AjouSelves_iOS_App-checkManifestLockResult.txt",
			);
			runOnlyForDeploymentPostprocessing = 0;
			shellPath = /bin/sh;
			shellScript = "diff \"${PODS_PODFILE_DIR_PATH}/Podfile.lock\" \"${PODS_ROOT}/Manifest.lock\" > /dev/null\nif [ $? != 0 ] ; then\n    # print error to STDERR\n    echo \"error: The sandbox is not in sync with the Podfile.lock. Run 'pod install' or update your CocoaPods installation.\" >&2\n    exit 1\nfi\n# This output is used by Xcode 'outputs' to avoid re-running this script phase.\necho \"SUCCESS\" > \"${SCRIPT_OUTPUT_FILE_0}\"\n";
			showEnvVarsInLog = 0;
		};
		37EC846F13EC69638E47F824 /* [CP] Embed Pods Frameworks */ = {
			isa = PBXShellScriptBuildPhase;
			buildActionMask = 2147483647;
			files = (
			);
			inputFileListPaths = (
				"${PODS_ROOT}/Target Support Files/Pods-AjouSelves_iOS_App/Pods-AjouSelves_iOS_App-frameworks-${CONFIGURATION}-input-files.xcfilelist",
			);
			name = "[CP] Embed Pods Frameworks";
			outputFileListPaths = (
				"${PODS_ROOT}/Target Support Files/Pods-AjouSelves_iOS_App/Pods-AjouSelves_iOS_App-frameworks-${CONFIGURATION}-output-files.xcfilelist",
			);
			runOnlyForDeploymentPostprocessing = 0;
			shellPath = /bin/sh;
			shellScript = "\"${PODS_ROOT}/Target Support Files/Pods-AjouSelves_iOS_App/Pods-AjouSelves_iOS_App-frameworks.sh\"\n";
			showEnvVarsInLog = 0;
		};
/* End PBXShellScriptBuildPhase section */

/* Begin PBXSourcesBuildPhase section */
		869F06DA27D77F3D0034001A /* Sources */ = {
			isa = PBXSourcesBuildPhase;
			buildActionMask = 2147483647;
			files = (
				865D53B227F46E4700CE2258 /* doJSON.swift in Sources */,
				869F06E227D77F3D0034001A /* AppDelegate.swift in Sources */,
				869F06E427D77F3D0034001A /* SceneDelegate.swift in Sources */,
				869F06E927D77F3D0034001A /* AjouSelves_iOS_App.xcdatamodeld in Sources */,
				865D53A627F2F92000CE2258 /* mainView.swift in Sources */,
				865D53A827F2FE4100CE2258 /* communityView.swift in Sources */,
				865D53B027F2FEFC00CE2258 /* testView.swift in Sources */,
				865D53AC27F2FE5300CE2258 /* settingView.swift in Sources */,
				865D53B427F473C700CE2258 /* categoriesView.swift in Sources */,
				869F06E627D77F3D0034001A /* ContentView.swift in Sources */,
				865D53AA27F2FE4A00CE2258 /* mypageView.swift in Sources */,
			);
			runOnlyForDeploymentPostprocessing = 0;
		};
/* End PBXSourcesBuildPhase section */

/* Begin PBXVariantGroup section */
		869F06EF27D77F3F0034001A /* LaunchScreen.storyboard */ = {
			isa = PBXVariantGroup;
			children = (
				869F06F027D77F3F0034001A /* Base */,
			);
			name = LaunchScreen.storyboard;
			sourceTree = "<group>";
		};
/* End PBXVariantGroup section */

/* Begin XCBuildConfiguration section */
		869F06F327D77F3F0034001A /* Debug */ = {
			isa = XCBuildConfiguration;
			buildSettings = {
				ALWAYS_SEARCH_USER_PATHS = NO;
				CLANG_ANALYZER_NONNULL = YES;
				CLANG_ANALYZER_NUMBER_OBJECT_CONVERSION = YES_AGGRESSIVE;
				CLANG_CXX_LANGUAGE_STANDARD = "gnu++14";
				CLANG_CXX_LIBRARY = "libc++";
				CLANG_ENABLE_MODULES = YES;
				CLANG_ENABLE_OBJC_ARC = YES;
				CLANG_ENABLE_OBJC_WEAK = YES;
				CLANG_WARN_BLOCK_CAPTURE_AUTORELEASING = YES;
				CLANG_WARN_BOOL_CONVERSION = YES;
				CLANG_WARN_COMMA = YES;
				CLANG_WARN_CONSTANT_CONVERSION = YES;
				CLANG_WARN_DEPRECATED_OBJC_IMPLEMENTATIONS = YES;
				CLANG_WARN_DIRECT_OBJC_ISA_USAGE = YES_ERROR;
				CLANG_WARN_DOCUMENTATION_COMMENTS = YES;
				CLANG_WARN_EMPTY_BODY = YES;
				CLANG_WARN_ENUM_CONVERSION = YES;
				CLANG_WARN_INFINITE_RECURSION = YES;
				CLANG_WARN_INT_CONVERSION = YES;
				CLANG_WARN_NON_LITERAL_NULL_CONVERSION = YES;
				CLANG_WARN_OBJC_IMPLICIT_RETAIN_SELF = YES;
				CLANG_WARN_OBJC_LITERAL_CONVERSION = YES;
				CLANG_WARN_OBJC_ROOT_CLASS = YES_ERROR;
				CLANG_WARN_QUOTED_INCLUDE_IN_FRAMEWORK_HEADER = YES;
				CLANG_WARN_RANGE_LOOP_ANALYSIS = YES;
				CLANG_WARN_STRICT_PROTOTYPES = YES;
				CLANG_WARN_SUSPICIOUS_MOVE = YES;
				CLANG_WARN_UNGUARDED_AVAILABILITY = YES_AGGRESSIVE;
				CLANG_WARN_UNREACHABLE_CODE = YES;
				CLANG_WARN__DUPLICATE_METHOD_MATCH = YES;
				COPY_PHASE_STRIP = NO;
				DEBUG_INFORMATION_FORMAT = dwarf;
				ENABLE_STRICT_OBJC_MSGSEND = YES;
				ENABLE_TESTABILITY = YES;
				GCC_C_LANGUAGE_STANDARD = gnu11;
				GCC_DYNAMIC_NO_PIC = NO;
				GCC_NO_COMMON_BLOCKS = YES;
				GCC_OPTIMIZATION_LEVEL = 0;
				GCC_PREPROCESSOR_DEFINITIONS = (
					"DEBUG=1",
					"$(inherited)",
				);
				GCC_WARN_64_TO_32_BIT_CONVERSION = YES;
				GCC_WARN_ABOUT_RETURN_TYPE = YES_ERROR;
				GCC_WARN_UNDECLARED_SELECTOR = YES;
				GCC_WARN_UNINITIALIZED_AUTOS = YES_AGGRESSIVE;
				GCC_WARN_UNUSED_FUNCTION = YES;
				GCC_WARN_UNUSED_VARIABLE = YES;
				IPHONEOS_DEPLOYMENT_TARGET = 14.5;
				MTL_ENABLE_DEBUG_INFO = INCLUDE_SOURCE;
				MTL_FAST_MATH = YES;
				ONLY_ACTIVE_ARCH = YES;
				SDKROOT = iphoneos;
				SWIFT_ACTIVE_COMPILATION_CONDITIONS = DEBUG;
				SWIFT_OPTIMIZATION_LEVEL = "-Onone";
			};
			name = Debug;
		};
		869F06F427D77F3F0034001A /* Release */ = {
			isa = XCBuildConfiguration;
			buildSettings = {
				ALWAYS_SEARCH_USER_PATHS = NO;
				CLANG_ANALYZER_NONNULL = YES;
				CLANG_ANALYZER_NUMBER_OBJECT_CONVERSION = YES_AGGRESSIVE;
				CLANG_CXX_LANGUAGE_STANDARD = "gnu++14";
				CLANG_CXX_LIBRARY = "libc++";
				CLANG_ENABLE_MODULES = YES;
				CLANG_ENABLE_OBJC_ARC = YES;
				CLANG_ENABLE_OBJC_WEAK = YES;
				CLANG_WARN_BLOCK_CAPTURE_AUTORELEASING = YES;
				CLANG_WARN_BOOL_CONVERSION = YES;
				CLANG_WARN_COMMA = YES;
				CLANG_WARN_CONSTANT_CONVERSION = YES;
				CLANG_WARN_DEPRECATED_OBJC_IMPLEMENTATIONS = YES;
				CLANG_WARN_DIRECT_OBJC_ISA_USAGE = YES_ERROR;
				CLANG_WARN_DOCUMENTATION_COMMENTS = YES;
				CLANG_WARN_EMPTY_BODY = YES;
				CLANG_WARN_ENUM_CONVERSION = YES;
				CLANG_WARN_INFINITE_RECURSION = YES;
				CLANG_WARN_INT_CONVERSION = YES;
				CLANG_WARN_NON_LITERAL_NULL_CONVERSION = YES;
				CLANG_WARN_OBJC_IMPLICIT_RETAIN_SELF = YES;
				CLANG_WARN_OBJC_LITERAL_CONVERSION = YES;
				CLANG_WARN_OBJC_ROOT_CLASS = YES_ERROR;
				CLANG_WARN_QUOTED_INCLUDE_IN_FRAMEWORK_HEADER = YES;
				CLANG_WARN_RANGE_LOOP_ANALYSIS = YES;
				CLANG_WARN_STRICT_PROTOTYPES = YES;
				CLANG_WARN_SUSPICIOUS_MOVE = YES;
				CLANG_WARN_UNGUARDED_AVAILABILITY = YES_AGGRESSIVE;
				CLANG_WARN_UNREACHABLE_CODE = YES;
				CLANG_WARN__DUPLICATE_METHOD_MATCH = YES;
				COPY_PHASE_STRIP = NO;
				DEBUG_INFORMATION_FORMAT = "dwarf-with-dsym";
				ENABLE_NS_ASSERTIONS = NO;
				ENABLE_STRICT_OBJC_MSGSEND = YES;
				GCC_C_LANGUAGE_STANDARD = gnu11;
				GCC_NO_COMMON_BLOCKS = YES;
				GCC_WARN_64_TO_32_BIT_CONVERSION = YES;
				GCC_WARN_ABOUT_RETURN_TYPE = YES_ERROR;
				GCC_WARN_UNDECLARED_SELECTOR = YES;
				GCC_WARN_UNINITIALIZED_AUTOS = YES_AGGRESSIVE;
				GCC_WARN_UNUSED_FUNCTION = YES;
				GCC_WARN_UNUSED_VARIABLE = YES;
				IPHONEOS_DEPLOYMENT_TARGET = 14.5;
				MTL_ENABLE_DEBUG_INFO = NO;
				MTL_FAST_MATH = YES;
				SDKROOT = iphoneos;
				SWIFT_COMPILATION_MODE = wholemodule;
				SWIFT_OPTIMIZATION_LEVEL = "-O";
				VALIDATE_PRODUCT = YES;
			};
			name = Release;
		};
		869F06F627D77F3F0034001A /* Debug */ = {
			isa = XCBuildConfiguration;
			baseConfigurationReference = 36D59578DC964375D1E37FFB /* Pods-AjouSelves_iOS_App.debug.xcconfig */;
			buildSettings = {
				ASSETCATALOG_COMPILER_APPICON_NAME = AppIcon;
				ASSETCATALOG_COMPILER_GLOBAL_ACCENT_COLOR_NAME = AccentColor;
				CODE_SIGN_STYLE = Automatic;
				DEVELOPMENT_ASSET_PATHS = "\"AjouSelves_iOS_App/Preview Content\"";
				DEVELOPMENT_TEAM = 3R7XZ6SCLH;
				ENABLE_PREVIEWS = YES;
				INFOPLIST_FILE = AjouSelves_iOS_App/Info.plist;
				LD_RUNPATH_SEARCH_PATHS = (
					"$(inherited)",
					"@executable_path/Frameworks",
				);
				PRODUCT_BUNDLE_IDENTIFIER = "Jay5.AjouSelves-iOS-App";
				PRODUCT_NAME = "$(TARGET_NAME)";
				SWIFT_VERSION = 5.0;
				TARGETED_DEVICE_FAMILY = "1,2";
			};
			name = Debug;
		};
		869F06F727D77F3F0034001A /* Release */ = {
			isa = XCBuildConfiguration;
			baseConfigurationReference = 0D4F171ABA6C8BA0FB145BE4 /* Pods-AjouSelves_iOS_App.release.xcconfig */;
			buildSettings = {
				ASSETCATALOG_COMPILER_APPICON_NAME = AppIcon;
				ASSETCATALOG_COMPILER_GLOBAL_ACCENT_COLOR_NAME = AccentColor;
				CODE_SIGN_STYLE = Automatic;
				DEVELOPMENT_ASSET_PATHS = "\"AjouSelves_iOS_App/Preview Content\"";
				DEVELOPMENT_TEAM = 3R7XZ6SCLH;
				ENABLE_PREVIEWS = YES;
				INFOPLIST_FILE = AjouSelves_iOS_App/Info.plist;
				LD_RUNPATH_SEARCH_PATHS = (
					"$(inherited)",
					"@executable_path/Frameworks",
				);
				PRODUCT_BUNDLE_IDENTIFIER = "Jay5.AjouSelves-iOS-App";
				PRODUCT_NAME = "$(TARGET_NAME)";
				SWIFT_VERSION = 5.0;
				TARGETED_DEVICE_FAMILY = "1,2";
			};
			name = Release;
		};
/* End XCBuildConfiguration section */

/* Begin XCConfigurationList section */
		869F06D927D77F3D0034001A /* Build configuration list for PBXProject "AjouSelves_iOS_App" */ = {
			isa = XCConfigurationList;
			buildConfigurations = (
				869F06F327D77F3F0034001A /* Debug */,
				869F06F427D77F3F0034001A /* Release */,
			);
			defaultConfigurationIsVisible = 0;
			defaultConfigurationName = Release;
		};
		869F06F527D77F3F0034001A /* Build configuration list for PBXNativeTarget "AjouSelves_iOS_App" */ = {
			isa = XCConfigurationList;
			buildConfigurations = (
				869F06F627D77F3F0034001A /* Debug */,
				869F06F727D77F3F0034001A /* Release */,
			);
			defaultConfigurationIsVisible = 0;
			defaultConfigurationName = Release;
		};
/* End XCConfigurationList section */

/* Begin XCVersionGroup section */
		869F06E727D77F3D0034001A /* AjouSelves_iOS_App.xcdatamodeld */ = {
			isa = XCVersionGroup;
			children = (
				869F06E827D77F3D0034001A /* AjouSelves_iOS_App.xcdatamodel */,
			);
			currentVersion = 869F06E827D77F3D0034001A /* AjouSelves_iOS_App.xcdatamodel */;
			path = AjouSelves_iOS_App.xcdatamodeld;
			sourceTree = "<group>";
			versionGroupType = wrapper.xcdatamodel;
		};
/* End XCVersionGroup section */
	};
	rootObject = 869F06D627D77F3D0034001A /* Project object */;
}
