// !$*UTF8*$!
{
	archiveVersion = 1;
	classes = {
	};
	objectVersion = 52;
	objects = {

/* Begin PBXBuildFile section */
		64C7FBCD44996556C6C2B2E1 /* Pods_AjouSelves_iOS_App.framework in Frameworks */ = {isa = PBXBuildFile; fileRef = 4464B9CAD3A9F627DE948904 /* Pods_AjouSelves_iOS_App.framework */; };
		86053469284567A3006ABA64 /* searchView.swift in Sources */ = {isa = PBXBuildFile; fileRef = 86053468284567A3006ABA64 /* searchView.swift */; };
		8605346B284567DA006ABA64 /* userDataView.swift in Sources */ = {isa = PBXBuildFile; fileRef = 8605346A284567DA006ABA64 /* userDataView.swift */; };
		8605346D28456811006ABA64 /* communityAddView.swift in Sources */ = {isa = PBXBuildFile; fileRef = 8605346C28456811006ABA64 /* communityAddView.swift */; };
		8605347028465BCE006ABA64 /* QRAddView.swift in Sources */ = {isa = PBXBuildFile; fileRef = 8605346F28465BCE006ABA64 /* QRAddView.swift */; };
		862452E1283E981000FBAE06 /* joinProjView.swift in Sources */ = {isa = PBXBuildFile; fileRef = 862452E0283E981000FBAE06 /* joinProjView.swift */; };
		862452E3283E996900FBAE06 /* createProjView.swift in Sources */ = {isa = PBXBuildFile; fileRef = 862452E2283E996900FBAE06 /* createProjView.swift */; };
		86372639282E45C3005AC48C /* projDetailView.swift in Sources */ = {isa = PBXBuildFile; fileRef = 86372638282E45C3005AC48C /* projDetailView.swift */; };
		8637263F282E4EE4005AC48C /* viewRouter.swift in Sources */ = {isa = PBXBuildFile; fileRef = 8637263E282E4EE4005AC48C /* viewRouter.swift */; };
		86372641282E5114005AC48C /* startView.swift in Sources */ = {isa = PBXBuildFile; fileRef = 86372640282E5114005AC48C /* startView.swift */; };
		86403192283654C70043B2A7 /* PhotoPicker.swift in Sources */ = {isa = PBXBuildFile; fileRef = 86403191283654C70043B2A7 /* PhotoPicker.swift */; };
		86403194283654EB0043B2A7 /* PhotoPickerModel.swift in Sources */ = {isa = PBXBuildFile; fileRef = 86403193283654EB0043B2A7 /* PhotoPickerModel.swift */; };
		8642C684282185520069FB46 /* ProjListView.swift in Sources */ = {isa = PBXBuildFile; fileRef = 8642C683282185520069FB46 /* ProjListView.swift */; };
		8643110927F5D94600E2690E /* thumbnailView.swift in Sources */ = {isa = PBXBuildFile; fileRef = 8643110827F5D94600E2690E /* thumbnailView.swift */; };
		8643110C27F5DB3800E2690E /* URLImage in Frameworks */ = {isa = PBXBuildFile; productRef = 8643110B27F5DB3800E2690E /* URLImage */; };
		8643110E27F5DB3800E2690E /* URLImageStore in Frameworks */ = {isa = PBXBuildFile; productRef = 8643110D27F5DB3800E2690E /* URLImageStore */; };
		8643111027F5DBBD00E2690E /* productData.swift in Sources */ = {isa = PBXBuildFile; fileRef = 8643110F27F5DBBD00E2690E /* productData.swift */; };
		8643111227F5DC1000E2690E /* productdataViewModel.swift in Sources */ = {isa = PBXBuildFile; fileRef = 8643111127F5DC1000E2690E /* productdataViewModel.swift */; };
		8643111527F5DCA700E2690E /* Alamofire in Frameworks */ = {isa = PBXBuildFile; productRef = 8643111427F5DCA700E2690E /* Alamofire */; };
		865D53A627F2F92000CE2258 /* homeView.swift in Sources */ = {isa = PBXBuildFile; fileRef = 865D53A527F2F92000CE2258 /* homeView.swift */; };
		865D53A827F2FE4100CE2258 /* communityView.swift in Sources */ = {isa = PBXBuildFile; fileRef = 865D53A727F2FE4100CE2258 /* communityView.swift */; };
		865D53AA27F2FE4A00CE2258 /* mypageView.swift in Sources */ = {isa = PBXBuildFile; fileRef = 865D53A927F2FE4A00CE2258 /* mypageView.swift */; };
		865D53AC27F2FE5300CE2258 /* settingView.swift in Sources */ = {isa = PBXBuildFile; fileRef = 865D53AB27F2FE5300CE2258 /* settingView.swift */; };
		865D53B027F2FEFC00CE2258 /* tabView.swift in Sources */ = {isa = PBXBuildFile; fileRef = 865D53AF27F2FEFC00CE2258 /* tabView.swift */; };
		86672399283F73E00091AA33 /* processPopUpView.swift in Sources */ = {isa = PBXBuildFile; fileRef = 86672398283F73E00091AA33 /* processPopUpView.swift */; };
		8668972D2806DAA40042ED35 /* sellingViewModel.swift in Sources */ = {isa = PBXBuildFile; fileRef = 8668972C2806DAA40042ED35 /* sellingViewModel.swift */; };
		866A0017283F92730078E77D /* userCreateProjListView.swift in Sources */ = {isa = PBXBuildFile; fileRef = 866A0016283F92730078E77D /* userCreateProjListView.swift */; };
		866A0019283F967B0078E77D /* userCreateProjDetailView.swift in Sources */ = {isa = PBXBuildFile; fileRef = 866A0018283F967B0078E77D /* userCreateProjDetailView.swift */; };
		866A00272840BCBC0078E77D /* communityListView.swift in Sources */ = {isa = PBXBuildFile; fileRef = 866A00262840BCBC0078E77D /* communityListView.swift */; };
		866A00292840BCC90078E77D /* communityDetailView.swift in Sources */ = {isa = PBXBuildFile; fileRef = 866A00282840BCC90078E77D /* communityDetailView.swift */; };
		866A002B284135660078E77D /* userJoinProjListView.swift in Sources */ = {isa = PBXBuildFile; fileRef = 866A002A284135660078E77D /* userJoinProjListView.swift */; };
		866A002D284135750078E77D /* userJoinProjDetailView.swift in Sources */ = {isa = PBXBuildFile; fileRef = 866A002C284135750078E77D /* userJoinProjDetailView.swift */; };
		86886E2D27FECD3F00B22E1D /* sellingView.swift in Sources */ = {isa = PBXBuildFile; fileRef = 86886E2C27FECD3F00B22E1D /* sellingView.swift */; };
		869F06E227D77F3D0034001A /* AppDelegate.swift in Sources */ = {isa = PBXBuildFile; fileRef = 869F06E127D77F3D0034001A /* AppDelegate.swift */; };
		869F06E427D77F3D0034001A /* SceneDelegate.swift in Sources */ = {isa = PBXBuildFile; fileRef = 869F06E327D77F3D0034001A /* SceneDelegate.swift */; };
		869F06E627D77F3D0034001A /* ContentView.swift in Sources */ = {isa = PBXBuildFile; fileRef = 869F06E527D77F3D0034001A /* ContentView.swift */; };
		869F06E927D77F3D0034001A /* AjouSelves_iOS_App.xcdatamodeld in Sources */ = {isa = PBXBuildFile; fileRef = 869F06E727D77F3D0034001A /* AjouSelves_iOS_App.xcdatamodeld */; };
		869F06EB27D77F3F0034001A /* Assets.xcassets in Resources */ = {isa = PBXBuildFile; fileRef = 869F06EA27D77F3F0034001A /* Assets.xcassets */; };
		869F06EE27D77F3F0034001A /* Preview Assets.xcassets in Resources */ = {isa = PBXBuildFile; fileRef = 869F06ED27D77F3F0034001A /* Preview Assets.xcassets */; };
		869F06F127D77F3F0034001A /* LaunchScreen.storyboard in Resources */ = {isa = PBXBuildFile; fileRef = 869F06EF27D77F3F0034001A /* LaunchScreen.storyboard */; };
		86CED0C82832447F00CE295B /* projImgView.swift in Sources */ = {isa = PBXBuildFile; fileRef = 86CED0C72832447F00CE295B /* projImgView.swift */; };
		86CED0CE2834D87200CE295B /* TabBarAccessor.swift in Sources */ = {isa = PBXBuildFile; fileRef = 86CED0CD2834D87100CE295B /* TabBarAccessor.swift */; };
		86D15F8B282CF8BD00035DE1 /* registerView.swift in Sources */ = {isa = PBXBuildFile; fileRef = 86D15F8A282CF8BD00035DE1 /* registerView.swift */; };
/* End PBXBuildFile section */

/* Begin PBXFileReference section */
		4464B9CAD3A9F627DE948904 /* Pods_AjouSelves_iOS_App.framework */ = {isa = PBXFileReference; explicitFileType = wrapper.framework; includeInIndex = 0; path = Pods_AjouSelves_iOS_App.framework; sourceTree = BUILT_PRODUCTS_DIR; };
		86053468284567A3006ABA64 /* searchView.swift */ = {isa = PBXFileReference; lastKnownFileType = sourcecode.swift; path = searchView.swift; sourceTree = "<group>"; };
		8605346A284567DA006ABA64 /* userDataView.swift */ = {isa = PBXFileReference; lastKnownFileType = sourcecode.swift; path = userDataView.swift; sourceTree = "<group>"; };
		8605346C28456811006ABA64 /* communityAddView.swift */ = {isa = PBXFileReference; lastKnownFileType = sourcecode.swift; path = communityAddView.swift; sourceTree = "<group>"; };
		8605346F28465BCE006ABA64 /* QRAddView.swift */ = {isa = PBXFileReference; lastKnownFileType = sourcecode.swift; path = QRAddView.swift; sourceTree = "<group>"; };
		862452E0283E981000FBAE06 /* joinProjView.swift */ = {isa = PBXFileReference; lastKnownFileType = sourcecode.swift; path = joinProjView.swift; sourceTree = "<group>"; };
		862452E2283E996900FBAE06 /* createProjView.swift */ = {isa = PBXFileReference; lastKnownFileType = sourcecode.swift; path = createProjView.swift; sourceTree = "<group>"; };
		86372638282E45C3005AC48C /* projDetailView.swift */ = {isa = PBXFileReference; lastKnownFileType = sourcecode.swift; path = projDetailView.swift; sourceTree = "<group>"; };
		8637263E282E4EE4005AC48C /* viewRouter.swift */ = {isa = PBXFileReference; lastKnownFileType = sourcecode.swift; path = viewRouter.swift; sourceTree = "<group>"; };
		86372640282E5114005AC48C /* startView.swift */ = {isa = PBXFileReference; lastKnownFileType = sourcecode.swift; path = startView.swift; sourceTree = "<group>"; };
		86403191283654C70043B2A7 /* PhotoPicker.swift */ = {isa = PBXFileReference; lastKnownFileType = sourcecode.swift; path = PhotoPicker.swift; sourceTree = "<group>"; };
		86403193283654EB0043B2A7 /* PhotoPickerModel.swift */ = {isa = PBXFileReference; lastKnownFileType = sourcecode.swift; path = PhotoPickerModel.swift; sourceTree = "<group>"; };
		8642C683282185520069FB46 /* ProjListView.swift */ = {isa = PBXFileReference; lastKnownFileType = sourcecode.swift; path = ProjListView.swift; sourceTree = "<group>"; };
		8643110827F5D94600E2690E /* thumbnailView.swift */ = {isa = PBXFileReference; lastKnownFileType = sourcecode.swift; path = thumbnailView.swift; sourceTree = "<group>"; };
		8643110F27F5DBBD00E2690E /* productData.swift */ = {isa = PBXFileReference; lastKnownFileType = sourcecode.swift; path = productData.swift; sourceTree = "<group>"; };
		8643111127F5DC1000E2690E /* productdataViewModel.swift */ = {isa = PBXFileReference; lastKnownFileType = sourcecode.swift; path = productdataViewModel.swift; sourceTree = "<group>"; };
		865D53A527F2F92000CE2258 /* homeView.swift */ = {isa = PBXFileReference; lastKnownFileType = sourcecode.swift; path = homeView.swift; sourceTree = "<group>"; };
		865D53A727F2FE4100CE2258 /* communityView.swift */ = {isa = PBXFileReference; lastKnownFileType = sourcecode.swift; path = communityView.swift; sourceTree = "<group>"; };
		865D53A927F2FE4A00CE2258 /* mypageView.swift */ = {isa = PBXFileReference; lastKnownFileType = sourcecode.swift; path = mypageView.swift; sourceTree = "<group>"; };
		865D53AB27F2FE5300CE2258 /* settingView.swift */ = {isa = PBXFileReference; lastKnownFileType = sourcecode.swift; path = settingView.swift; sourceTree = "<group>"; };
		865D53AF27F2FEFC00CE2258 /* tabView.swift */ = {isa = PBXFileReference; lastKnownFileType = sourcecode.swift; path = tabView.swift; sourceTree = "<group>"; tabWidth = 4; };
		86672398283F73E00091AA33 /* processPopUpView.swift */ = {isa = PBXFileReference; lastKnownFileType = sourcecode.swift; path = processPopUpView.swift; sourceTree = "<group>"; };
		8668972C2806DAA40042ED35 /* sellingViewModel.swift */ = {isa = PBXFileReference; lastKnownFileType = sourcecode.swift; path = sellingViewModel.swift; sourceTree = "<group>"; };
		866A0016283F92730078E77D /* userCreateProjListView.swift */ = {isa = PBXFileReference; lastKnownFileType = sourcecode.swift; path = userCreateProjListView.swift; sourceTree = "<group>"; };
		866A0018283F967B0078E77D /* userCreateProjDetailView.swift */ = {isa = PBXFileReference; lastKnownFileType = sourcecode.swift; path = userCreateProjDetailView.swift; sourceTree = "<group>"; };
		866A00262840BCBC0078E77D /* communityListView.swift */ = {isa = PBXFileReference; lastKnownFileType = sourcecode.swift; path = communityListView.swift; sourceTree = "<group>"; };
		866A00282840BCC90078E77D /* communityDetailView.swift */ = {isa = PBXFileReference; lastKnownFileType = sourcecode.swift; path = communityDetailView.swift; sourceTree = "<group>"; };
		866A002A284135660078E77D /* userJoinProjListView.swift */ = {isa = PBXFileReference; lastKnownFileType = sourcecode.swift; path = userJoinProjListView.swift; sourceTree = "<group>"; };
		866A002C284135750078E77D /* userJoinProjDetailView.swift */ = {isa = PBXFileReference; lastKnownFileType = sourcecode.swift; path = userJoinProjDetailView.swift; sourceTree = "<group>"; };
		86886E2C27FECD3F00B22E1D /* sellingView.swift */ = {isa = PBXFileReference; lastKnownFileType = sourcecode.swift; path = sellingView.swift; sourceTree = "<group>"; };
		869F06DE27D77F3D0034001A /* AjouSelves_iOS_App.app */ = {isa = PBXFileReference; explicitFileType = wrapper.application; includeInIndex = 0; path = AjouSelves_iOS_App.app; sourceTree = BUILT_PRODUCTS_DIR; };
		869F06E127D77F3D0034001A /* AppDelegate.swift */ = {isa = PBXFileReference; lastKnownFileType = sourcecode.swift; path = AppDelegate.swift; sourceTree = "<group>"; };
		869F06E327D77F3D0034001A /* SceneDelegate.swift */ = {isa = PBXFileReference; lastKnownFileType = sourcecode.swift; path = SceneDelegate.swift; sourceTree = "<group>"; };
		869F06E527D77F3D0034001A /* ContentView.swift */ = {isa = PBXFileReference; lastKnownFileType = sourcecode.swift; path = ContentView.swift; sourceTree = "<group>"; };
		869F06E827D77F3D0034001A /* AjouSelves_iOS_App.xcdatamodel */ = {isa = PBXFileReference; lastKnownFileType = wrapper.xcdatamodel; path = AjouSelves_iOS_App.xcdatamodel; sourceTree = "<group>"; };
		869F06EA27D77F3F0034001A /* Assets.xcassets */ = {isa = PBXFileReference; lastKnownFileType = folder.assetcatalog; path = Assets.xcassets; sourceTree = "<group>"; };
		869F06ED27D77F3F0034001A /* Preview Assets.xcassets */ = {isa = PBXFileReference; lastKnownFileType = folder.assetcatalog; path = "Preview Assets.xcassets"; sourceTree = "<group>"; };
		869F06F027D77F3F0034001A /* Base */ = {isa = PBXFileReference; lastKnownFileType = file.storyboard; name = Base; path = Base.lproj/LaunchScreen.storyboard; sourceTree = "<group>"; };
		869F06F227D77F3F0034001A /* Info.plist */ = {isa = PBXFileReference; lastKnownFileType = text.plist.xml; path = Info.plist; sourceTree = "<group>"; };
		86CED0C72832447F00CE295B /* projImgView.swift */ = {isa = PBXFileReference; lastKnownFileType = sourcecode.swift; path = projImgView.swift; sourceTree = "<group>"; };
		86CED0CD2834D87100CE295B /* TabBarAccessor.swift */ = {isa = PBXFileReference; lastKnownFileType = sourcecode.swift; path = TabBarAccessor.swift; sourceTree = "<group>"; };
		86D15F8A282CF8BD00035DE1 /* registerView.swift */ = {isa = PBXFileReference; lastKnownFileType = sourcecode.swift; path = registerView.swift; sourceTree = "<group>"; };
		8B5EE68CB6931FD0C8C960E3 /* Pods-AjouSelves_iOS_App.debug.xcconfig */ = {isa = PBXFileReference; includeInIndex = 1; lastKnownFileType = text.xcconfig; name = "Pods-AjouSelves_iOS_App.debug.xcconfig"; path = "Target Support Files/Pods-AjouSelves_iOS_App/Pods-AjouSelves_iOS_App.debug.xcconfig"; sourceTree = "<group>"; };
		962C5F1F62CB9D8CB226CB85 /* Pods-AjouSelves_iOS_App.release.xcconfig */ = {isa = PBXFileReference; includeInIndex = 1; lastKnownFileType = text.xcconfig; name = "Pods-AjouSelves_iOS_App.release.xcconfig"; path = "Target Support Files/Pods-AjouSelves_iOS_App/Pods-AjouSelves_iOS_App.release.xcconfig"; sourceTree = "<group>"; };
/* End PBXFileReference section */

/* Begin PBXFrameworksBuildPhase section */
		869F06DB27D77F3D0034001A /* Frameworks */ = {
			isa = PBXFrameworksBuildPhase;
			buildActionMask = 2147483647;
			files = (
				8643110C27F5DB3800E2690E /* URLImage in Frameworks */,
				8643111527F5DCA700E2690E /* Alamofire in Frameworks */,
				8643110E27F5DB3800E2690E /* URLImageStore in Frameworks */,
				64C7FBCD44996556C6C2B2E1 /* Pods_AjouSelves_iOS_App.framework in Frameworks */,
			);
			runOnlyForDeploymentPostprocessing = 0;
		};
/* End PBXFrameworksBuildPhase section */

/* Begin PBXGroup section */
		8643110727F5D69300E2690E /* ViewModel */ = {
			isa = PBXGroup;
			children = (
				8643111127F5DC1000E2690E /* productdataViewModel.swift */,
				8668972C2806DAA40042ED35 /* sellingViewModel.swift */,
			);
			path = ViewModel;
			sourceTree = "<group>";
		};
		865D53A227F1F3E300CE2258 /* Model */ = {
			isa = PBXGroup;
			children = (
				869F06E327D77F3D0034001A /* SceneDelegate.swift */,
				869F06E127D77F3D0034001A /* AppDelegate.swift */,
				8643110F27F5DBBD00E2690E /* productData.swift */,
				8637263E282E4EE4005AC48C /* viewRouter.swift */,
				86CED0CD2834D87100CE295B /* TabBarAccessor.swift */,
				86403191283654C70043B2A7 /* PhotoPicker.swift */,
				86403193283654EB0043B2A7 /* PhotoPickerModel.swift */,
			);
			path = Model;
			sourceTree = "<group>";
		};
		865D53A427F1F3F100CE2258 /* View */ = {
			isa = PBXGroup;
			children = (
				866A00252840BC9E0078E77D /* communituView */,
				866A001E283F9B8B0078E77D /* baseView */,
				866A001D283F9B680078E77D /* image */,
				866A001C283F9B5A0078E77D /* mainProject */,
				866A001B283F9B310078E77D /* userJoinProject */,
				866A001A283F9B1D0078E77D /* userCreateProject */,
			);
			path = View;
			sourceTree = "<group>";
		};
		866A001A283F9B1D0078E77D /* userCreateProject */ = {
			isa = PBXGroup;
			children = (
				862452E2283E996900FBAE06 /* createProjView.swift */,
				866A0016283F92730078E77D /* userCreateProjListView.swift */,
				866A0018283F967B0078E77D /* userCreateProjDetailView.swift */,
				8605346F28465BCE006ABA64 /* QRAddView.swift */,
			);
			path = userCreateProject;
			sourceTree = "<group>";
		};
		866A001B283F9B310078E77D /* userJoinProject */ = {
			isa = PBXGroup;
			children = (
				862452E0283E981000FBAE06 /* joinProjView.swift */,
				866A002A284135660078E77D /* userJoinProjListView.swift */,
				866A002C284135750078E77D /* userJoinProjDetailView.swift */,
			);
			path = userJoinProject;
			sourceTree = "<group>";
		};
		866A001C283F9B5A0078E77D /* mainProject */ = {
			isa = PBXGroup;
			children = (
				865D53A527F2F92000CE2258 /* homeView.swift */,
				8642C683282185520069FB46 /* ProjListView.swift */,
				86372638282E45C3005AC48C /* projDetailView.swift */,
			);
			path = mainProject;
			sourceTree = "<group>";
		};
		866A001D283F9B680078E77D /* image */ = {
			isa = PBXGroup;
			children = (
				8643110827F5D94600E2690E /* thumbnailView.swift */,
				86CED0C72832447F00CE295B /* projImgView.swift */,
			);
			path = image;
			sourceTree = "<group>";
		};
		866A001E283F9B8B0078E77D /* baseView */ = {
			isa = PBXGroup;
			children = (
				869F06E527D77F3D0034001A /* ContentView.swift */,
				865D53AF27F2FEFC00CE2258 /* tabView.swift */,
				865D53A927F2FE4A00CE2258 /* mypageView.swift */,
				865D53AB27F2FE5300CE2258 /* settingView.swift */,
				86886E2C27FECD3F00B22E1D /* sellingView.swift */,
				86D15F8A282CF8BD00035DE1 /* registerView.swift */,
				86372640282E5114005AC48C /* startView.swift */,
				86672398283F73E00091AA33 /* processPopUpView.swift */,
				86053468284567A3006ABA64 /* searchView.swift */,
				8605346A284567DA006ABA64 /* userDataView.swift */,
			);
			path = baseView;
			sourceTree = "<group>";
		};
		866A00252840BC9E0078E77D /* communituView */ = {
			isa = PBXGroup;
			children = (
				865D53A727F2FE4100CE2258 /* communityView.swift */,
				866A00262840BCBC0078E77D /* communityListView.swift */,
				866A00282840BCC90078E77D /* communityDetailView.swift */,
				8605346C28456811006ABA64 /* communityAddView.swift */,
			);
			path = communituView;
			sourceTree = "<group>";
		};
		869F06D527D77F3D0034001A = {
			isa = PBXGroup;
			children = (
				869F06E027D77F3D0034001A /* AjouSelves_iOS_App */,
				869F06DF27D77F3D0034001A /* Products */,
				AB37050CC8C2A4E50C0C08DD /* Pods */,
				BE460351DA6380E1E89D3C26 /* Frameworks */,
			);
			sourceTree = "<group>";
		};
		869F06DF27D77F3D0034001A /* Products */ = {
			isa = PBXGroup;
			children = (
				869F06DE27D77F3D0034001A /* AjouSelves_iOS_App.app */,
			);
			name = Products;
			sourceTree = "<group>";
		};
		869F06E027D77F3D0034001A /* AjouSelves_iOS_App */ = {
			isa = PBXGroup;
			children = (
				865D53A227F1F3E300CE2258 /* Model */,
				865D53A427F1F3F100CE2258 /* View */,
				8643110727F5D69300E2690E /* ViewModel */,
				869F06EA27D77F3F0034001A /* Assets.xcassets */,
				869F06EF27D77F3F0034001A /* LaunchScreen.storyboard */,
				869F06F227D77F3F0034001A /* Info.plist */,
				869F06E727D77F3D0034001A /* AjouSelves_iOS_App.xcdatamodeld */,
				869F06EC27D77F3F0034001A /* Preview Content */,
			);
			path = AjouSelves_iOS_App;
			sourceTree = "<group>";
		};
		869F06EC27D77F3F0034001A /* Preview Content */ = {
			isa = PBXGroup;
			children = (
				869F06ED27D77F3F0034001A /* Preview Assets.xcassets */,
			);
			path = "Preview Content";
			sourceTree = "<group>";
		};
		AB37050CC8C2A4E50C0C08DD /* Pods */ = {
			isa = PBXGroup;
			children = (
				8B5EE68CB6931FD0C8C960E3 /* Pods-AjouSelves_iOS_App.debug.xcconfig */,
				962C5F1F62CB9D8CB226CB85 /* Pods-AjouSelves_iOS_App.release.xcconfig */,
			);
			path = Pods;
			sourceTree = "<group>";
		};
		BE460351DA6380E1E89D3C26 /* Frameworks */ = {
			isa = PBXGroup;
			children = (
				4464B9CAD3A9F627DE948904 /* Pods_AjouSelves_iOS_App.framework */,
			);
			name = Frameworks;
			sourceTree = "<group>";
		};
/* End PBXGroup section */

/* Begin PBXNativeTarget section */
		869F06DD27D77F3D0034001A /* AjouSelves_iOS_App */ = {
			isa = PBXNativeTarget;
			buildConfigurationList = 869F06F527D77F3F0034001A /* Build configuration list for PBXNativeTarget "AjouSelves_iOS_App" */;
			buildPhases = (
				E4D3DEFFA7C4E5BCA3F5CC5A /* [CP] Check Pods Manifest.lock */,
				869F06DA27D77F3D0034001A /* Sources */,
				869F06DB27D77F3D0034001A /* Frameworks */,
				869F06DC27D77F3D0034001A /* Resources */,
				87588E63803C074337C0CD53 /* [CP] Embed Pods Frameworks */,
			);
			buildRules = (
			);
			dependencies = (
			);
			name = AjouSelves_iOS_App;
			packageProductDependencies = (
				8643110B27F5DB3800E2690E /* URLImage */,
				8643110D27F5DB3800E2690E /* URLImageStore */,
				8643111427F5DCA700E2690E /* Alamofire */,
			);
			productName = AjouSelves_iOS_App;
			productReference = 869F06DE27D77F3D0034001A /* AjouSelves_iOS_App.app */;
			productType = "com.apple.product-type.application";
		};
/* End PBXNativeTarget section */

/* Begin PBXProject section */
		869F06D627D77F3D0034001A /* Project object */ = {
			isa = PBXProject;
			attributes = {
				LastSwiftUpdateCheck = 1250;
				LastUpgradeCheck = 1250;
				TargetAttributes = {
					869F06DD27D77F3D0034001A = {
						CreatedOnToolsVersion = 12.5;
					};
				};
			};
			buildConfigurationList = 869F06D927D77F3D0034001A /* Build configuration list for PBXProject "AjouSelves_iOS_App" */;
			compatibilityVersion = "Xcode 9.3";
			developmentRegion = en;
			hasScannedForEncodings = 0;
			knownRegions = (
				en,
				Base,
			);
			mainGroup = 869F06D527D77F3D0034001A;
			packageReferences = (
				8643110A27F5DB3800E2690E /* XCRemoteSwiftPackageReference "url-image" */,
				8643111327F5DCA700E2690E /* XCRemoteSwiftPackageReference "Alamofire" */,
			);
			productRefGroup = 869F06DF27D77F3D0034001A /* Products */;
			projectDirPath = "";
			projectRoot = "";
			targets = (
				869F06DD27D77F3D0034001A /* AjouSelves_iOS_App */,
			);
		};
/* End PBXProject section */

/* Begin PBXResourcesBuildPhase section */
		869F06DC27D77F3D0034001A /* Resources */ = {
			isa = PBXResourcesBuildPhase;
			buildActionMask = 2147483647;
			files = (
				869F06F127D77F3F0034001A /* LaunchScreen.storyboard in Resources */,
				869F06EE27D77F3F0034001A /* Preview Assets.xcassets in Resources */,
				869F06EB27D77F3F0034001A /* Assets.xcassets in Resources */,
			);
			runOnlyForDeploymentPostprocessing = 0;
		};
/* End PBXResourcesBuildPhase section */

/* Begin PBXShellScriptBuildPhase section */
		87588E63803C074337C0CD53 /* [CP] Embed Pods Frameworks */ = {
			isa = PBXShellScriptBuildPhase;
			buildActionMask = 2147483647;
			files = (
			);
			inputFileListPaths = (
				"${PODS_ROOT}/Target Support Files/Pods-AjouSelves_iOS_App/Pods-AjouSelves_iOS_App-frameworks-${CONFIGURATION}-input-files.xcfilelist",
			);
			name = "[CP] Embed Pods Frameworks";
			outputFileListPaths = (
				"${PODS_ROOT}/Target Support Files/Pods-AjouSelves_iOS_App/Pods-AjouSelves_iOS_App-frameworks-${CONFIGURATION}-output-files.xcfilelist",
			);
			runOnlyForDeploymentPostprocessing = 0;
			shellPath = /bin/sh;
			shellScript = "\"${PODS_ROOT}/Target Support Files/Pods-AjouSelves_iOS_App/Pods-AjouSelves_iOS_App-frameworks.sh\"\n";
			showEnvVarsInLog = 0;
		};
		E4D3DEFFA7C4E5BCA3F5CC5A /* [CP] Check Pods Manifest.lock */ = {
			isa = PBXShellScriptBuildPhase;
			buildActionMask = 2147483647;
			files = (
			);
			inputFileListPaths = (
			);
			inputPaths = (
				"${PODS_PODFILE_DIR_PATH}/Podfile.lock",
				"${PODS_ROOT}/Manifest.lock",
			);
			name = "[CP] Check Pods Manifest.lock";
			outputFileListPaths = (
			);
			outputPaths = (
				"$(DERIVED_FILE_DIR)/Pods-AjouSelves_iOS_App-checkManifestLockResult.txt",
			);
			runOnlyForDeploymentPostprocessing = 0;
			shellPath = /bin/sh;
			shellScript = "diff \"${PODS_PODFILE_DIR_PATH}/Podfile.lock\" \"${PODS_ROOT}/Manifest.lock\" > /dev/null\nif [ $? != 0 ] ; then\n    # print error to STDERR\n    echo \"error: The sandbox is not in sync with the Podfile.lock. Run 'pod install' or update your CocoaPods installation.\" >&2\n    exit 1\nfi\n# This output is used by Xcode 'outputs' to avoid re-running this script phase.\necho \"SUCCESS\" > \"${SCRIPT_OUTPUT_FILE_0}\"\n";
			showEnvVarsInLog = 0;
		};
/* End PBXShellScriptBuildPhase section */

/* Begin PBXSourcesBuildPhase section */
		869F06DA27D77F3D0034001A /* Sources */ = {
			isa = PBXSourcesBuildPhase;
			buildActionMask = 2147483647;
			files = (
				862452E3283E996900FBAE06 /* createProjView.swift in Sources */,
				869F06E227D77F3D0034001A /* AppDelegate.swift in Sources */,
				866A00272840BCBC0078E77D /* communityListView.swift in Sources */,
				866A0017283F92730078E77D /* userCreateProjListView.swift in Sources */,
				869F06E427D77F3D0034001A /* SceneDelegate.swift in Sources */,
				862452E1283E981000FBAE06 /* joinProjView.swift in Sources */,
				869F06E927D77F3D0034001A /* AjouSelves_iOS_App.xcdatamodeld in Sources */,
				8643111027F5DBBD00E2690E /* productData.swift in Sources */,
				865D53A627F2F92000CE2258 /* homeView.swift in Sources */,
				8643111227F5DC1000E2690E /* productdataViewModel.swift in Sources */,
				86886E2D27FECD3F00B22E1D /* sellingView.swift in Sources */,
				86372639282E45C3005AC48C /* projDetailView.swift in Sources */,
				86403194283654EB0043B2A7 /* PhotoPickerModel.swift in Sources */,
				865D53A827F2FE4100CE2258 /* communityView.swift in Sources */,
				866A002B284135660078E77D /* userJoinProjListView.swift in Sources */,
				866A002D284135750078E77D /* userJoinProjDetailView.swift in Sources */,
				865D53B027F2FEFC00CE2258 /* tabView.swift in Sources */,
				865D53AC27F2FE5300CE2258 /* settingView.swift in Sources */,
				8668972D2806DAA40042ED35 /* sellingViewModel.swift in Sources */,
				86372641282E5114005AC48C /* startView.swift in Sources */,
				8637263F282E4EE4005AC48C /* viewRouter.swift in Sources */,
				8643110927F5D94600E2690E /* thumbnailView.swift in Sources */,
				86CED0CE2834D87200CE295B /* TabBarAccessor.swift in Sources */,
				8642C684282185520069FB46 /* ProjListView.swift in Sources */,
				866A0019283F967B0078E77D /* userCreateProjDetailView.swift in Sources */,
				8605347028465BCE006ABA64 /* QRAddView.swift in Sources */,
				866A00292840BCC90078E77D /* communityDetailView.swift in Sources */,
				86053469284567A3006ABA64 /* searchView.swift in Sources */,
				8605346B284567DA006ABA64 /* userDataView.swift in Sources */,
				86D15F8B282CF8BD00035DE1 /* registerView.swift in Sources */,
				869F06E627D77F3D0034001A /* ContentView.swift in Sources */,
				86CED0C82832447F00CE295B /* projImgView.swift in Sources */,
				865D53AA27F2FE4A00CE2258 /* mypageView.swift in Sources */,
				8605346D28456811006ABA64 /* communityAddView.swift in Sources */,
				86403192283654C70043B2A7 /* PhotoPicker.swift in Sources */,
				86672399283F73E00091AA33 /* processPopUpView.swift in Sources */,
			);
			runOnlyForDeploymentPostprocessing = 0;
		};
/* End PBXSourcesBuildPhase section */

/* Begin PBXVariantGroup section */
		869F06EF27D77F3F0034001A /* LaunchScreen.storyboard */ = {
			isa = PBXVariantGroup;
			children = (
				869F06F027D77F3F0034001A /* Base */,
			);
			name = LaunchScreen.storyboard;
			sourceTree = "<group>";
		};
/* End PBXVariantGroup section */

/* Begin XCBuildConfiguration section */
		869F06F327D77F3F0034001A /* Debug */ = {
			isa = XCBuildConfiguration;
			buildSettings = {
				ALWAYS_SEARCH_USER_PATHS = NO;
				CLANG_ANALYZER_NONNULL = YES;
				CLANG_ANALYZER_NUMBER_OBJECT_CONVERSION = YES_AGGRESSIVE;
				CLANG_CXX_LANGUAGE_STANDARD = "gnu++14";
				CLANG_CXX_LIBRARY = "libc++";
				CLANG_ENABLE_MODULES = YES;
				CLANG_ENABLE_OBJC_ARC = YES;
				CLANG_ENABLE_OBJC_WEAK = YES;
				CLANG_WARN_BLOCK_CAPTURE_AUTORELEASING = YES;
				CLANG_WARN_BOOL_CONVERSION = YES;
				CLANG_WARN_COMMA = YES;
				CLANG_WARN_CONSTANT_CONVERSION = YES;
				CLANG_WARN_DEPRECATED_OBJC_IMPLEMENTATIONS = YES;
				CLANG_WARN_DIRECT_OBJC_ISA_USAGE = YES_ERROR;
				CLANG_WARN_DOCUMENTATION_COMMENTS = YES;
				CLANG_WARN_EMPTY_BODY = YES;
				CLANG_WARN_ENUM_CONVERSION = YES;
				CLANG_WARN_INFINITE_RECURSION = YES;
				CLANG_WARN_INT_CONVERSION = YES;
				CLANG_WARN_NON_LITERAL_NULL_CONVERSION = YES;
				CLANG_WARN_OBJC_IMPLICIT_RETAIN_SELF = YES;
				CLANG_WARN_OBJC_LITERAL_CONVERSION = YES;
				CLANG_WARN_OBJC_ROOT_CLASS = YES_ERROR;
				CLANG_WARN_QUOTED_INCLUDE_IN_FRAMEWORK_HEADER = YES;
				CLANG_WARN_RANGE_LOOP_ANALYSIS = YES;
				CLANG_WARN_STRICT_PROTOTYPES = YES;
				CLANG_WARN_SUSPICIOUS_MOVE = YES;
				CLANG_WARN_UNGUARDED_AVAILABILITY = YES_AGGRESSIVE;
				CLANG_WARN_UNREACHABLE_CODE = YES;
				CLANG_WARN__DUPLICATE_METHOD_MATCH = YES;
				COPY_PHASE_STRIP = NO;
				DEBUG_INFORMATION_FORMAT = dwarf;
				ENABLE_STRICT_OBJC_MSGSEND = YES;
				ENABLE_TESTABILITY = YES;
				GCC_C_LANGUAGE_STANDARD = gnu11;
				GCC_DYNAMIC_NO_PIC = NO;
				GCC_NO_COMMON_BLOCKS = YES;
				GCC_OPTIMIZATION_LEVEL = 0;
				GCC_PREPROCESSOR_DEFINITIONS = (
					"DEBUG=1",
					"$(inherited)",
				);
				GCC_WARN_64_TO_32_BIT_CONVERSION = YES;
				GCC_WARN_ABOUT_RETURN_TYPE = YES_ERROR;
				GCC_WARN_UNDECLARED_SELECTOR = YES;
				GCC_WARN_UNINITIALIZED_AUTOS = YES_AGGRESSIVE;
				GCC_WARN_UNUSED_FUNCTION = YES;
				GCC_WARN_UNUSED_VARIABLE = YES;
				IPHONEOS_DEPLOYMENT_TARGET = 15.0;
				MTL_ENABLE_DEBUG_INFO = INCLUDE_SOURCE;
				MTL_FAST_MATH = YES;
				ONLY_ACTIVE_ARCH = YES;
				SDKROOT = iphoneos;
				SWIFT_ACTIVE_COMPILATION_CONDITIONS = DEBUG;
				SWIFT_OPTIMIZATION_LEVEL = "-Onone";
			};
			name = Debug;
		};
		869F06F427D77F3F0034001A /* Release */ = {
			isa = XCBuildConfiguration;
			buildSettings = {
				ALWAYS_SEARCH_USER_PATHS = NO;
				CLANG_ANALYZER_NONNULL = YES;
				CLANG_ANALYZER_NUMBER_OBJECT_CONVERSION = YES_AGGRESSIVE;
				CLANG_CXX_LANGUAGE_STANDARD = "gnu++14";
				CLANG_CXX_LIBRARY = "libc++";
				CLANG_ENABLE_MODULES = YES;
				CLANG_ENABLE_OBJC_ARC = YES;
				CLANG_ENABLE_OBJC_WEAK = YES;
				CLANG_WARN_BLOCK_CAPTURE_AUTORELEASING = YES;
				CLANG_WARN_BOOL_CONVERSION = YES;
				CLANG_WARN_COMMA = YES;
				CLANG_WARN_CONSTANT_CONVERSION = YES;
				CLANG_WARN_DEPRECATED_OBJC_IMPLEMENTATIONS = YES;
				CLANG_WARN_DIRECT_OBJC_ISA_USAGE = YES_ERROR;
				CLANG_WARN_DOCUMENTATION_COMMENTS = YES;
				CLANG_WARN_EMPTY_BODY = YES;
				CLANG_WARN_ENUM_CONVERSION = YES;
				CLANG_WARN_INFINITE_RECURSION = YES;
				CLANG_WARN_INT_CONVERSION = YES;
				CLANG_WARN_NON_LITERAL_NULL_CONVERSION = YES;
				CLANG_WARN_OBJC_IMPLICIT_RETAIN_SELF = YES;
				CLANG_WARN_OBJC_LITERAL_CONVERSION = YES;
				CLANG_WARN_OBJC_ROOT_CLASS = YES_ERROR;
				CLANG_WARN_QUOTED_INCLUDE_IN_FRAMEWORK_HEADER = YES;
				CLANG_WARN_RANGE_LOOP_ANALYSIS = YES;
				CLANG_WARN_STRICT_PROTOTYPES = YES;
				CLANG_WARN_SUSPICIOUS_MOVE = YES;
				CLANG_WARN_UNGUARDED_AVAILABILITY = YES_AGGRESSIVE;
				CLANG_WARN_UNREACHABLE_CODE = YES;
				CLANG_WARN__DUPLICATE_METHOD_MATCH = YES;
				COPY_PHASE_STRIP = NO;
				DEBUG_INFORMATION_FORMAT = "dwarf-with-dsym";
				ENABLE_NS_ASSERTIONS = NO;
				ENABLE_STRICT_OBJC_MSGSEND = YES;
				GCC_C_LANGUAGE_STANDARD = gnu11;
				GCC_NO_COMMON_BLOCKS = YES;
				GCC_WARN_64_TO_32_BIT_CONVERSION = YES;
				GCC_WARN_ABOUT_RETURN_TYPE = YES_ERROR;
				GCC_WARN_UNDECLARED_SELECTOR = YES;
				GCC_WARN_UNINITIALIZED_AUTOS = YES_AGGRESSIVE;
				GCC_WARN_UNUSED_FUNCTION = YES;
				GCC_WARN_UNUSED_VARIABLE = YES;
				IPHONEOS_DEPLOYMENT_TARGET = 15.0;
				MTL_ENABLE_DEBUG_INFO = NO;
				MTL_FAST_MATH = YES;
				SDKROOT = iphoneos;
				SWIFT_COMPILATION_MODE = wholemodule;
				SWIFT_OPTIMIZATION_LEVEL = "-O";
				VALIDATE_PRODUCT = YES;
			};
			name = Release;
		};
		869F06F627D77F3F0034001A /* Debug */ = {
			isa = XCBuildConfiguration;
			baseConfigurationReference = 8B5EE68CB6931FD0C8C960E3 /* Pods-AjouSelves_iOS_App.debug.xcconfig */;
			buildSettings = {
				ASSETCATALOG_COMPILER_APPICON_NAME = AppIcon;
				ASSETCATALOG_COMPILER_GLOBAL_ACCENT_COLOR_NAME = AccentColor;
				ASSETCATALOG_COMPILER_INCLUDE_ALL_APPICON_ASSETS = YES;
				CODE_SIGN_STYLE = Automatic;
				DEVELOPMENT_ASSET_PATHS = "\"AjouSelves_iOS_App/Preview Content\"";
				DEVELOPMENT_TEAM = 3R7XZ6SCLH;
				ENABLE_PREVIEWS = YES;
				INFOPLIST_FILE = AjouSelves_iOS_App/Info.plist;
				LD_RUNPATH_SEARCH_PATHS = (
					"$(inherited)",
					"@executable_path/Frameworks",
				);
				PRODUCT_BUNDLE_IDENTIFIER = "Jay5.AjouSelves-iOS-App";
				PRODUCT_NAME = "$(TARGET_NAME)";
				SWIFT_VERSION = 5.0;
				TARGETED_DEVICE_FAMILY = 1;
			};
			name = Debug;
		};
		869F06F727D77F3F0034001A /* Release */ = {
			isa = XCBuildConfiguration;
			baseConfigurationReference = 962C5F1F62CB9D8CB226CB85 /* Pods-AjouSelves_iOS_App.release.xcconfig */;
			buildSettings = {
				ASSETCATALOG_COMPILER_APPICON_NAME = AppIcon;
				ASSETCATALOG_COMPILER_GLOBAL_ACCENT_COLOR_NAME = AccentColor;
				ASSETCATALOG_COMPILER_INCLUDE_ALL_APPICON_ASSETS = YES;
				CODE_SIGN_STYLE = Automatic;
				DEVELOPMENT_ASSET_PATHS = "\"AjouSelves_iOS_App/Preview Content\"";
				DEVELOPMENT_TEAM = 3R7XZ6SCLH;
				ENABLE_PREVIEWS = YES;
				INFOPLIST_FILE = AjouSelves_iOS_App/Info.plist;
				LD_RUNPATH_SEARCH_PATHS = (
					"$(inherited)",
					"@executable_path/Frameworks",
				);
				PRODUCT_BUNDLE_IDENTIFIER = "Jay5.AjouSelves-iOS-App";
				PRODUCT_NAME = "$(TARGET_NAME)";
				SWIFT_VERSION = 5.0;
				TARGETED_DEVICE_FAMILY = 1;
			};
			name = Release;
		};
/* End XCBuildConfiguration section */

/* Begin XCConfigurationList section */
		869F06D927D77F3D0034001A /* Build configuration list for PBXProject "AjouSelves_iOS_App" */ = {
			isa = XCConfigurationList;
			buildConfigurations = (
				869F06F327D77F3F0034001A /* Debug */,
				869F06F427D77F3F0034001A /* Release */,
			);
			defaultConfigurationIsVisible = 0;
			defaultConfigurationName = Release;
		};
		869F06F527D77F3F0034001A /* Build configuration list for PBXNativeTarget "AjouSelves_iOS_App" */ = {
			isa = XCConfigurationList;
			buildConfigurations = (
				869F06F627D77F3F0034001A /* Debug */,
				869F06F727D77F3F0034001A /* Release */,
			);
			defaultConfigurationIsVisible = 0;
			defaultConfigurationName = Release;
		};
/* End XCConfigurationList section */

/* Begin XCRemoteSwiftPackageReference section */
		8643110A27F5DB3800E2690E /* XCRemoteSwiftPackageReference "url-image" */ = {
			isa = XCRemoteSwiftPackageReference;
			repositoryURL = "https://github.com/dmytro-anokhin/url-image";
			requirement = {
				branch = main;
				kind = branch;
			};
		};
		8643111327F5DCA700E2690E /* XCRemoteSwiftPackageReference "Alamofire" */ = {
			isa = XCRemoteSwiftPackageReference;
			repositoryURL = "https://github.com/Alamofire/Alamofire.git";
			requirement = {
				branch = master;
				kind = branch;
			};
		};
/* End XCRemoteSwiftPackageReference section */

/* Begin XCSwiftPackageProductDependency section */
		8643110B27F5DB3800E2690E /* URLImage */ = {
			isa = XCSwiftPackageProductDependency;
			package = 8643110A27F5DB3800E2690E /* XCRemoteSwiftPackageReference "url-image" */;
			productName = URLImage;
		};
		8643110D27F5DB3800E2690E /* URLImageStore */ = {
			isa = XCSwiftPackageProductDependency;
			package = 8643110A27F5DB3800E2690E /* XCRemoteSwiftPackageReference "url-image" */;
			productName = URLImageStore;
		};
		8643111427F5DCA700E2690E /* Alamofire */ = {
			isa = XCSwiftPackageProductDependency;
			package = 8643111327F5DCA700E2690E /* XCRemoteSwiftPackageReference "Alamofire" */;
			productName = Alamofire;
		};
/* End XCSwiftPackageProductDependency section */

/* Begin XCVersionGroup section */
		869F06E727D77F3D0034001A /* AjouSelves_iOS_App.xcdatamodeld */ = {
			isa = XCVersionGroup;
			children = (
				869F06E827D77F3D0034001A /* AjouSelves_iOS_App.xcdatamodel */,
			);
			currentVersion = 869F06E827D77F3D0034001A /* AjouSelves_iOS_App.xcdatamodel */;
			path = AjouSelves_iOS_App.xcdatamodeld;
			sourceTree = "<group>";
			versionGroupType = wrapper.xcdatamodel;
		};
/* End XCVersionGroup section */
	};
	rootObject = 869F06D627D77F3D0034001A /* Project object */;
}
